// !$*UTF8*$!
{
	archiveVersion = 1;
	classes = {
	};
	objectVersion = 46;
	objects = {

/* Begin PBXBuildFile section */
		05536CF51BEAA648001AE92E /* Stats.swift in Sources */ = {isa = PBXBuildFile; fileRef = 05536CF41BEAA648001AE92E /* Stats.swift */; };
		05536CF71BEAB19B001AE92E /* Randoms.swift in Sources */ = {isa = PBXBuildFile; fileRef = 05536CF61BEAB19B001AE92E /* Randoms.swift */; };
		058113B31BEA60EE00C0572A /* AppDelegate.swift in Sources */ = {isa = PBXBuildFile; fileRef = 058113B21BEA60EE00C0572A /* AppDelegate.swift */; };
		058113B51BEA60EE00C0572A /* AboutVC.swift in Sources */ = {isa = PBXBuildFile; fileRef = 058113B41BEA60EE00C0572A /* AboutVC.swift */; };
		058113B71BEA60EE00C0572A /* StreetCredVC.swift in Sources */ = {isa = PBXBuildFile; fileRef = 058113B61BEA60EE00C0572A /* StreetCredVC.swift */; };
		058113BA1BEA60EE00C0572A /* Main.storyboard in Resources */ = {isa = PBXBuildFile; fileRef = 058113B81BEA60EE00C0572A /* Main.storyboard */; };
		058113BC1BEA60EE00C0572A /* Assets.xcassets in Resources */ = {isa = PBXBuildFile; fileRef = 058113BB1BEA60EE00C0572A /* Assets.xcassets */; };
		058113BF1BEA60EE00C0572A /* LaunchScreen.storyboard in Resources */ = {isa = PBXBuildFile; fileRef = 058113BD1BEA60EE00C0572A /* LaunchScreen.storyboard */; };
		058113CA1BEA60EE00C0572A /* CVUITests.swift in Sources */ = {isa = PBXBuildFile; fileRef = 058113C91BEA60EE00C0572A /* CVUITests.swift */; };
		058113D61BEA79F200C0572A /* ChoicePresenter.swift in Sources */ = {isa = PBXBuildFile; fileRef = 058113D51BEA79F200C0572A /* ChoicePresenter.swift */; };
		058113D81BEA859200C0572A /* Choice.swift in Sources */ = {isa = PBXBuildFile; fileRef = 058113D71BEA859200C0572A /* Choice.swift */; };
		05C5FEF81BED0FEF00078954 /* Score.swift in Sources */ = {isa = PBXBuildFile; fileRef = 05C5FEF71BED0FEF00078954 /* Score.swift */; };
		05C5FEFA1BED1FB300078954 /* ChoicePrExtensions.swift in Sources */ = {isa = PBXBuildFile; fileRef = 05C5FEF91BED1FB300078954 /* ChoicePrExtensions.swift */; };
		05C5FEFC1BED2B3A00078954 /* PDTimer.swift in Sources */ = {isa = PBXBuildFile; fileRef = 05C5FEFB1BED2B3A00078954 /* PDTimer.swift */; };
		05C5FF011BED7D0100078954 /* ChoicePresets.swift in Sources */ = {isa = PBXBuildFile; fileRef = 05C5FF001BED7D0100078954 /* ChoicePresets.swift */; };
		05C5FF031BED7D3700078954 /* ChoiceRandom.swift in Sources */ = {isa = PBXBuildFile; fileRef = 05C5FF021BED7D3700078954 /* ChoiceRandom.swift */; };
		05C5FF061BED8C3200078954 /* PoDTimers.swift in Sources */ = {isa = PBXBuildFile; fileRef = 05C5FF051BED8C3200078954 /* PoDTimers.swift */; };
		05D4F9BA1BEB128F001B68CA /* PeopleAscii.swift in Sources */ = {isa = PBXBuildFile; fileRef = 05D4F9B91BEB128F001B68CA /* PeopleAscii.swift */; };
		05D4F9D81BEB8C1E001B68CA /* PyramidOfDoomVC.swift in Sources */ = {isa = PBXBuildFile; fileRef = 05D4F9D71BEB8C1E001B68CA /* PyramidOfDoomVC.swift */; };
		05D4F9DA1BEB8D2C001B68CA /* PyramidAscii.swift in Sources */ = {isa = PBXBuildFile; fileRef = 05D4F9D91BEB8D2C001B68CA /* PyramidAscii.swift */; };
		05D4F9DD1BEB9711001B68CA /* EventAscii.swift in Sources */ = {isa = PBXBuildFile; fileRef = 05D4F9DC1BEB9711001B68CA /* EventAscii.swift */; };
		05D4F9DF1BEB9B57001B68CA /* EventArt.swift in Sources */ = {isa = PBXBuildFile; fileRef = 05D4F9DE1BEB9B57001B68CA /* EventArt.swift */; };
		05D4F9E11BEB9EA5001B68CA /* StatsScreen.swift in Sources */ = {isa = PBXBuildFile; fileRef = 05D4F9E01BEB9EA5001B68CA /* StatsScreen.swift */; };
		05D4F9E31BEBCCC7001B68CA /* WebVC.swift in Sources */ = {isa = PBXBuildFile; fileRef = 05D4F9E21BEBCCC7001B68CA /* WebVC.swift */; };
		05D4F9E71BEC5E28001B68CA /* SCButtons.swift in Sources */ = {isa = PBXBuildFile; fileRef = 05D4F9E61BEC5E28001B68CA /* SCButtons.swift */; };
		05D4F9E91BEC613A001B68CA /* SCSegue.swift in Sources */ = {isa = PBXBuildFile; fileRef = 05D4F9E81BEC613A001B68CA /* SCSegue.swift */; };
		05D4F9EC1BEC62B4001B68CA /* WLoadURL.swift in Sources */ = {isa = PBXBuildFile; fileRef = 05D4F9EB1BEC62B4001B68CA /* WLoadURL.swift */; };
		05D4F9F11BECFA9A001B68CA /* PoDHighScoreSaver.swift in Sources */ = {isa = PBXBuildFile; fileRef = 05D4F9F01BECFA9A001B68CA /* PoDHighScoreSaver.swift */; };
		05F342771BEDACB800B75C84 /* MailVC.swift in Sources */ = {isa = PBXBuildFile; fileRef = 05F342761BEDACB800B75C84 /* MailVC.swift */; };
		05F342791BEDBD1000B75C84 /* ScoreScreen.swift in Sources */ = {isa = PBXBuildFile; fileRef = 05F342781BEDBD1000B75C84 /* ScoreScreen.swift */; };
		05F3427C1BEE590800B75C84 /* ContactConnections.swift in Sources */ = {isa = PBXBuildFile; fileRef = 05F3427B1BEE590800B75C84 /* ContactConnections.swift */; };
		05F3427E1BEE5A8800B75C84 /* TabBar.swift in Sources */ = {isa = PBXBuildFile; fileRef = 05F3427D1BEE5A8800B75C84 /* TabBar.swift */; };
		05F342801BEE5B6E00B75C84 /* CallVC.swift in Sources */ = {isa = PBXBuildFile; fileRef = 05F3427F1BEE5B6E00B75C84 /* CallVC.swift */; };
		05F342831BEF1CDC00B75C84 /* AboutScrolItem.swift in Sources */ = {isa = PBXBuildFile; fileRef = 05F342821BEF1CDC00B75C84 /* AboutScrolItem.swift */; };
/* End PBXBuildFile section */

/* Begin PBXContainerItemProxy section */
		058113C61BEA60EE00C0572A /* PBXContainerItemProxy */ = {
			isa = PBXContainerItemProxy;
			containerPortal = 058113A71BEA60EE00C0572A /* Project object */;
			proxyType = 1;
			remoteGlobalIDString = 058113AE1BEA60EE00C0572A;
			remoteInfo = CV;
		};
/* End PBXContainerItemProxy section */

/* Begin PBXFileReference section */
		05536CF41BEAA648001AE92E /* Stats.swift */ = {isa = PBXFileReference; fileEncoding = 4; lastKnownFileType = sourcecode.swift; name = Stats.swift; path = Pyramid/Stats.swift; sourceTree = "<group>"; };
		05536CF61BEAB19B001AE92E /* Randoms.swift */ = {isa = PBXFileReference; fileEncoding = 4; lastKnownFileType = sourcecode.swift; name = Randoms.swift; path = Pyramid/Randoms.swift; sourceTree = "<group>"; };
		058113AF1BEA60EE00C0572A /* CV.app */ = {isa = PBXFileReference; explicitFileType = wrapper.application; includeInIndex = 0; path = CV.app; sourceTree = BUILT_PRODUCTS_DIR; };
		058113B21BEA60EE00C0572A /* AppDelegate.swift */ = {isa = PBXFileReference; lastKnownFileType = sourcecode.swift; path = AppDelegate.swift; sourceTree = "<group>"; };
		058113B41BEA60EE00C0572A /* AboutVC.swift */ = {isa = PBXFileReference; lastKnownFileType = sourcecode.swift; path = AboutVC.swift; sourceTree = "<group>"; };
		058113B61BEA60EE00C0572A /* StreetCredVC.swift */ = {isa = PBXFileReference; lastKnownFileType = sourcecode.swift; path = StreetCredVC.swift; sourceTree = "<group>"; };
		058113B91BEA60EE00C0572A /* Base */ = {isa = PBXFileReference; lastKnownFileType = file.storyboard; name = Base; path = Base.lproj/Main.storyboard; sourceTree = "<group>"; };
		058113BB1BEA60EE00C0572A /* Assets.xcassets */ = {isa = PBXFileReference; lastKnownFileType = folder.assetcatalog; path = Assets.xcassets; sourceTree = "<group>"; };
		058113BE1BEA60EE00C0572A /* Base */ = {isa = PBXFileReference; lastKnownFileType = file.storyboard; name = Base; path = Base.lproj/LaunchScreen.storyboard; sourceTree = "<group>"; };
		058113C01BEA60EE00C0572A /* Info.plist */ = {isa = PBXFileReference; lastKnownFileType = text.plist.xml; path = Info.plist; sourceTree = "<group>"; };
		058113C51BEA60EE00C0572A /* CVUITests.xctest */ = {isa = PBXFileReference; explicitFileType = wrapper.cfbundle; includeInIndex = 0; path = CVUITests.xctest; sourceTree = BUILT_PRODUCTS_DIR; };
		058113C91BEA60EE00C0572A /* CVUITests.swift */ = {isa = PBXFileReference; lastKnownFileType = sourcecode.swift; path = CVUITests.swift; sourceTree = "<group>"; };
		058113CB1BEA60EE00C0572A /* Info.plist */ = {isa = PBXFileReference; lastKnownFileType = text.plist.xml; path = Info.plist; sourceTree = "<group>"; };
		058113D51BEA79F200C0572A /* ChoicePresenter.swift */ = {isa = PBXFileReference; fileEncoding = 4; lastKnownFileType = sourcecode.swift; name = ChoicePresenter.swift; path = Pyramid/ChoicePresenter.swift; sourceTree = "<group>"; };
		058113D71BEA859200C0572A /* Choice.swift */ = {isa = PBXFileReference; fileEncoding = 4; lastKnownFileType = sourcecode.swift; name = Choice.swift; path = Pyramid/Choice.swift; sourceTree = "<group>"; };
		05C5FEF71BED0FEF00078954 /* Score.swift */ = {isa = PBXFileReference; fileEncoding = 4; lastKnownFileType = sourcecode.swift; name = Score.swift; path = Pyramid/Score.swift; sourceTree = "<group>"; };
		05C5FEF91BED1FB300078954 /* ChoicePrExtensions.swift */ = {isa = PBXFileReference; fileEncoding = 4; lastKnownFileType = sourcecode.swift; name = ChoicePrExtensions.swift; path = Pyramid/ChoicePrExtensions.swift; sourceTree = "<group>"; };
		05C5FEFB1BED2B3A00078954 /* PDTimer.swift */ = {isa = PBXFileReference; fileEncoding = 4; lastKnownFileType = sourcecode.swift; name = PDTimer.swift; path = Pyramid/PDTimer.swift; sourceTree = "<group>"; };
		05C5FF001BED7D0100078954 /* ChoicePresets.swift */ = {isa = PBXFileReference; fileEncoding = 4; lastKnownFileType = sourcecode.swift; name = ChoicePresets.swift; path = Pyramid/ChoicePresets.swift; sourceTree = "<group>"; };
		05C5FF021BED7D3700078954 /* ChoiceRandom.swift */ = {isa = PBXFileReference; fileEncoding = 4; lastKnownFileType = sourcecode.swift; name = ChoiceRandom.swift; path = Pyramid/ChoiceRandom.swift; sourceTree = "<group>"; };
		05C5FF051BED8C3200078954 /* PoDTimers.swift */ = {isa = PBXFileReference; fileEncoding = 4; lastKnownFileType = sourcecode.swift; name = PoDTimers.swift; path = Pyramid/PoDTimers.swift; sourceTree = "<group>"; };
		05D4F9B91BEB128F001B68CA /* PeopleAscii.swift */ = {isa = PBXFileReference; fileEncoding = 4; lastKnownFileType = sourcecode.swift; name = PeopleAscii.swift; path = Pyramid/PeopleAscii.swift; sourceTree = "<group>"; };
		05D4F9D71BEB8C1E001B68CA /* PyramidOfDoomVC.swift */ = {isa = PBXFileReference; fileEncoding = 4; lastKnownFileType = sourcecode.swift; path = PyramidOfDoomVC.swift; sourceTree = "<group>"; };
		05D4F9D91BEB8D2C001B68CA /* PyramidAscii.swift */ = {isa = PBXFileReference; fileEncoding = 4; lastKnownFileType = sourcecode.swift; name = PyramidAscii.swift; path = Pyramid/PyramidAscii.swift; sourceTree = "<group>"; };
		05D4F9DC1BEB9711001B68CA /* EventAscii.swift */ = {isa = PBXFileReference; fileEncoding = 4; lastKnownFileType = sourcecode.swift; name = EventAscii.swift; path = Pyramid/EventAscii.swift; sourceTree = "<group>"; };
		05D4F9DE1BEB9B57001B68CA /* EventArt.swift */ = {isa = PBXFileReference; fileEncoding = 4; lastKnownFileType = sourcecode.swift; name = EventArt.swift; path = Pyramid/EventArt.swift; sourceTree = "<group>"; };
		05D4F9E01BEB9EA5001B68CA /* StatsScreen.swift */ = {isa = PBXFileReference; fileEncoding = 4; lastKnownFileType = sourcecode.swift; name = StatsScreen.swift; path = Pyramid/StatsScreen.swift; sourceTree = "<group>"; };
		05D4F9E21BEBCCC7001B68CA /* WebVC.swift */ = {isa = PBXFileReference; fileEncoding = 4; lastKnownFileType = sourcecode.swift; path = WebVC.swift; sourceTree = "<group>"; };
		05D4F9E61BEC5E28001B68CA /* SCButtons.swift */ = {isa = PBXFileReference; fileEncoding = 4; lastKnownFileType = sourcecode.swift; name = SCButtons.swift; path = StreetCred/SCButtons.swift; sourceTree = "<group>"; };
		05D4F9E81BEC613A001B68CA /* SCSegue.swift */ = {isa = PBXFileReference; fileEncoding = 4; lastKnownFileType = sourcecode.swift; name = SCSegue.swift; path = StreetCred/SCSegue.swift; sourceTree = "<group>"; };
		05D4F9EB1BEC62B4001B68CA /* WLoadURL.swift */ = {isa = PBXFileReference; fileEncoding = 4; lastKnownFileType = sourcecode.swift; name = WLoadURL.swift; path = Web/WLoadURL.swift; sourceTree = "<group>"; };
		05D4F9F01BECFA9A001B68CA /* PoDHighScoreSaver.swift */ = {isa = PBXFileReference; fileEncoding = 4; lastKnownFileType = sourcecode.swift; name = PoDHighScoreSaver.swift; path = Pyramid/PoDHighScoreSaver.swift; sourceTree = "<group>"; };
		05F342761BEDACB800B75C84 /* MailVC.swift */ = {isa = PBXFileReference; fileEncoding = 4; lastKnownFileType = sourcecode.swift; path = MailVC.swift; sourceTree = "<group>"; };
		05F342781BEDBD1000B75C84 /* ScoreScreen.swift */ = {isa = PBXFileReference; fileEncoding = 4; lastKnownFileType = sourcecode.swift; name = ScoreScreen.swift; path = Pyramid/ScoreScreen.swift; sourceTree = "<group>"; };
		05F3427B1BEE590800B75C84 /* ContactConnections.swift */ = {isa = PBXFileReference; fileEncoding = 4; lastKnownFileType = sourcecode.swift; name = ContactConnections.swift; path = Contact/ContactConnections.swift; sourceTree = "<group>"; };
		05F3427D1BEE5A8800B75C84 /* TabBar.swift */ = {isa = PBXFileReference; fileEncoding = 4; lastKnownFileType = sourcecode.swift; path = TabBar.swift; sourceTree = "<group>"; };
		05F3427F1BEE5B6E00B75C84 /* CallVC.swift */ = {isa = PBXFileReference; fileEncoding = 4; lastKnownFileType = sourcecode.swift; path = CallVC.swift; sourceTree = "<group>"; };
		05F342821BEF1CDC00B75C84 /* AboutScrolItem.swift */ = {isa = PBXFileReference; fileEncoding = 4; lastKnownFileType = sourcecode.swift; name = AboutScrolItem.swift; path = About/AboutScrolItem.swift; sourceTree = "<group>"; };
/* End PBXFileReference section */

/* Begin PBXFrameworksBuildPhase section */
		058113AC1BEA60EE00C0572A /* Frameworks */ = {
			isa = PBXFrameworksBuildPhase;
			buildActionMask = 2147483647;
			files = (
			);
			runOnlyForDeploymentPostprocessing = 0;
		};
		058113C21BEA60EE00C0572A /* Frameworks */ = {
			isa = PBXFrameworksBuildPhase;
			buildActionMask = 2147483647;
			files = (
			);
			runOnlyForDeploymentPostprocessing = 0;
		};
/* End PBXFrameworksBuildPhase section */

/* Begin PBXGroup section */
		058113A61BEA60EE00C0572A = {
			isa = PBXGroup;
			children = (
				058113B11BEA60EE00C0572A /* CV */,
				058113C81BEA60EE00C0572A /* CVUITests */,
				058113B01BEA60EE00C0572A /* Products */,
			);
			sourceTree = "<group>";
		};
		058113B01BEA60EE00C0572A /* Products */ = {
			isa = PBXGroup;
			children = (
				058113AF1BEA60EE00C0572A /* CV.app */,
				058113C51BEA60EE00C0572A /* CVUITests.xctest */,
			);
			name = Products;
			sourceTree = "<group>";
		};
		058113B11BEA60EE00C0572A /* CV */ = {
			isa = PBXGroup;
			children = (
				058113B21BEA60EE00C0572A /* AppDelegate.swift */,
				05F342811BEF1CAC00B75C84 /* About */,
				058113D41BEA79D200C0572A /* PyramidOfDoom */,
				05F3427A1BEE58D900B75C84 /* Contact */,
				05D4F9E41BEC5DFB001B68CA /* StreedCred */,
				05D4F9EA1BEC6293001B68CA /* Web */,
				058113B81BEA60EE00C0572A /* Main.storyboard */,
				058113BB1BEA60EE00C0572A /* Assets.xcassets */,
				058113BD1BEA60EE00C0572A /* LaunchScreen.storyboard */,
				058113C01BEA60EE00C0572A /* Info.plist */,
				05F3427D1BEE5A8800B75C84 /* TabBar.swift */,
			);
			path = CV;
			sourceTree = "<group>";
		};
		058113C81BEA60EE00C0572A /* CVUITests */ = {
			isa = PBXGroup;
			children = (
				058113C91BEA60EE00C0572A /* CVUITests.swift */,
				058113CB1BEA60EE00C0572A /* Info.plist */,
			);
			path = CVUITests;
			sourceTree = "<group>";
		};
		058113D41BEA79D200C0572A /* PyramidOfDoom */ = {
			isa = PBXGroup;
			children = (
				05C5FEFB1BED2B3A00078954 /* PDTimer.swift */,
				05536CF61BEAB19B001AE92E /* Randoms.swift */,
				05C5FF041BED8C0400078954 /* VC */,
				05D4F9ED1BEC6468001B68CA /* GameFiles */,
				05D4F9DB1BEB96E9001B68CA /* AsciiArt */,
			);
			name = PyramidOfDoom;
			sourceTree = "<group>";
		};
		05C5FEFD1BED7CBE00078954 /* ChoicePresenter */ = {
			isa = PBXGroup;
			children = (
				058113D51BEA79F200C0572A /* ChoicePresenter.swift */,
				05C5FEF91BED1FB300078954 /* ChoicePrExtensions.swift */,
				058113D71BEA859200C0572A /* Choice.swift */,
				05C5FF001BED7D0100078954 /* ChoicePresets.swift */,
				05C5FF021BED7D3700078954 /* ChoiceRandom.swift */,
			);
			name = ChoicePresenter;
			sourceTree = "<group>";
		};
		05C5FEFE1BED7CD000078954 /* Stats */ = {
			isa = PBXGroup;
			children = (
				05536CF41BEAA648001AE92E /* Stats.swift */,
				05D4F9E01BEB9EA5001B68CA /* StatsScreen.swift */,
			);
			name = Stats;
			sourceTree = "<group>";
		};
		05C5FEFF1BED7CDB00078954 /* Score */ = {
			isa = PBXGroup;
			children = (
				05C5FEF71BED0FEF00078954 /* Score.swift */,
				05F342781BEDBD1000B75C84 /* ScoreScreen.swift */,
			);
			name = Score;
			sourceTree = "<group>";
		};
		05C5FF041BED8C0400078954 /* VC */ = {
			isa = PBXGroup;
			children = (
				05D4F9D71BEB8C1E001B68CA /* PyramidOfDoomVC.swift */,
				05D4F9F01BECFA9A001B68CA /* PoDHighScoreSaver.swift */,
				05C5FF051BED8C3200078954 /* PoDTimers.swift */,
			);
			name = VC;
			sourceTree = "<group>";
		};
		05D4F9DB1BEB96E9001B68CA /* AsciiArt */ = {
			isa = PBXGroup;
			children = (
				05D4F9B91BEB128F001B68CA /* PeopleAscii.swift */,
				05D4F9D91BEB8D2C001B68CA /* PyramidAscii.swift */,
				05D4F9DC1BEB9711001B68CA /* EventAscii.swift */,
				05D4F9DE1BEB9B57001B68CA /* EventArt.swift */,
			);
			name = AsciiArt;
			sourceTree = "<group>";
		};
		05D4F9E41BEC5DFB001B68CA /* StreedCred */ = {
			isa = PBXGroup;
			children = (
				058113B61BEA60EE00C0572A /* StreetCredVC.swift */,
				05D4F9E61BEC5E28001B68CA /* SCButtons.swift */,
				05D4F9E81BEC613A001B68CA /* SCSegue.swift */,
			);
			name = StreedCred;
			sourceTree = "<group>";
		};
		05D4F9EA1BEC6293001B68CA /* Web */ = {
			isa = PBXGroup;
			children = (
				05D4F9E21BEBCCC7001B68CA /* WebVC.swift */,
				05D4F9EB1BEC62B4001B68CA /* WLoadURL.swift */,
			);
			name = Web;
			sourceTree = "<group>";
		};
		05D4F9ED1BEC6468001B68CA /* GameFiles */ = {
			isa = PBXGroup;
			children = (
				05C5FEFD1BED7CBE00078954 /* ChoicePresenter */,
				05C5FEFE1BED7CD000078954 /* Stats */,
				05C5FEFF1BED7CDB00078954 /* Score */,
			);
			name = GameFiles;
			sourceTree = "<group>";
		};
		05F3427A1BEE58D900B75C84 /* Contact */ = {
			isa = PBXGroup;
			children = (
				05F342761BEDACB800B75C84 /* MailVC.swift */,
				05F3427F1BEE5B6E00B75C84 /* CallVC.swift */,
				05F3427B1BEE590800B75C84 /* ContactConnections.swift */,
			);
			name = Contact;
			sourceTree = "<group>";
		};
		05F342811BEF1CAC00B75C84 /* About */ = {
			isa = PBXGroup;
			children = (
				058113B41BEA60EE00C0572A /* AboutVC.swift */,
				05F342821BEF1CDC00B75C84 /* AboutScrolItem.swift */,
			);
			name = About;
			sourceTree = "<group>";
		};
/* End PBXGroup section */

/* Begin PBXNativeTarget section */
		058113AE1BEA60EE00C0572A /* CV */ = {
			isa = PBXNativeTarget;
			buildConfigurationList = 058113CE1BEA60EE00C0572A /* Build configuration list for PBXNativeTarget "CV" */;
			buildPhases = (
				058113AB1BEA60EE00C0572A /* Sources */,
				058113AC1BEA60EE00C0572A /* Frameworks */,
				058113AD1BEA60EE00C0572A /* Resources */,
			);
			buildRules = (
			);
			dependencies = (
			);
			name = CV;
			productName = CV;
			productReference = 058113AF1BEA60EE00C0572A /* CV.app */;
			productType = "com.apple.product-type.application";
		};
		058113C41BEA60EE00C0572A /* CVUITests */ = {
			isa = PBXNativeTarget;
			buildConfigurationList = 058113D11BEA60EE00C0572A /* Build configuration list for PBXNativeTarget "CVUITests" */;
			buildPhases = (
				058113C11BEA60EE00C0572A /* Sources */,
				058113C21BEA60EE00C0572A /* Frameworks */,
				058113C31BEA60EE00C0572A /* Resources */,
			);
			buildRules = (
			);
			dependencies = (
				058113C71BEA60EE00C0572A /* PBXTargetDependency */,
			);
			name = CVUITests;
			productName = CVUITests;
			productReference = 058113C51BEA60EE00C0572A /* CVUITests.xctest */;
			productType = "com.apple.product-type.bundle.ui-testing";
		};
/* End PBXNativeTarget section */

/* Begin PBXProject section */
		058113A71BEA60EE00C0572A /* Project object */ = {
			isa = PBXProject;
			attributes = {
				LastSwiftUpdateCheck = 0710;
				LastUpgradeCheck = 0710;
				ORGANIZATIONNAME = "Romain Menke";
				TargetAttributes = {
					058113AE1BEA60EE00C0572A = {
						CreatedOnToolsVersion = 7.1;
					};
					058113C41BEA60EE00C0572A = {
						CreatedOnToolsVersion = 7.1;
						TestTargetID = 058113AE1BEA60EE00C0572A;
					};
				};
			};
			buildConfigurationList = 058113AA1BEA60EE00C0572A /* Build configuration list for PBXProject "CV" */;
			compatibilityVersion = "Xcode 3.2";
			developmentRegion = English;
			hasScannedForEncodings = 0;
			knownRegions = (
				en,
				Base,
			);
			mainGroup = 058113A61BEA60EE00C0572A;
			productRefGroup = 058113B01BEA60EE00C0572A /* Products */;
			projectDirPath = "";
			projectRoot = "";
			targets = (
				058113AE1BEA60EE00C0572A /* CV */,
				058113C41BEA60EE00C0572A /* CVUITests */,
			);
		};
/* End PBXProject section */

/* Begin PBXResourcesBuildPhase section */
		058113AD1BEA60EE00C0572A /* Resources */ = {
			isa = PBXResourcesBuildPhase;
			buildActionMask = 2147483647;
			files = (
				058113BF1BEA60EE00C0572A /* LaunchScreen.storyboard in Resources */,
				058113BC1BEA60EE00C0572A /* Assets.xcassets in Resources */,
				058113BA1BEA60EE00C0572A /* Main.storyboard in Resources */,
			);
			runOnlyForDeploymentPostprocessing = 0;
		};
		058113C31BEA60EE00C0572A /* Resources */ = {
			isa = PBXResourcesBuildPhase;
			buildActionMask = 2147483647;
			files = (
			);
			runOnlyForDeploymentPostprocessing = 0;
		};
/* End PBXResourcesBuildPhase section */

/* Begin PBXSourcesBuildPhase section */
		058113AB1BEA60EE00C0572A /* Sources */ = {
			isa = PBXSourcesBuildPhase;
			buildActionMask = 2147483647;
			files = (
				05D4F9E71BEC5E28001B68CA /* SCButtons.swift in Sources */,
				058113B71BEA60EE00C0572A /* StreetCredVC.swift in Sources */,
				05C5FF031BED7D3700078954 /* ChoiceRandom.swift in Sources */,
				05D4F9E31BEBCCC7001B68CA /* WebVC.swift in Sources */,
				058113B31BEA60EE00C0572A /* AppDelegate.swift in Sources */,
				05F3427C1BEE590800B75C84 /* ContactConnections.swift in Sources */,
				05D4F9EC1BEC62B4001B68CA /* WLoadURL.swift in Sources */,
				05C5FEFA1BED1FB300078954 /* ChoicePrExtensions.swift in Sources */,
				05D4F9F11BECFA9A001B68CA /* PoDHighScoreSaver.swift in Sources */,
				05D4F9DD1BEB9711001B68CA /* EventAscii.swift in Sources */,
				05F342771BEDACB800B75C84 /* MailVC.swift in Sources */,
				05C5FF061BED8C3200078954 /* PoDTimers.swift in Sources */,
				05D4F9E11BEB9EA5001B68CA /* StatsScreen.swift in Sources */,
				058113D61BEA79F200C0572A /* ChoicePresenter.swift in Sources */,
				05F342831BEF1CDC00B75C84 /* AboutScrolItem.swift in Sources */,
				05D4F9E91BEC613A001B68CA /* SCSegue.swift in Sources */,
				05536CF71BEAB19B001AE92E /* Randoms.swift in Sources */,
				05D4F9BA1BEB128F001B68CA /* PeopleAscii.swift in Sources */,
				05D4F9DA1BEB8D2C001B68CA /* PyramidAscii.swift in Sources */,
				05C5FEF81BED0FEF00078954 /* Score.swift in Sources */,
				05536CF51BEAA648001AE92E /* Stats.swift in Sources */,
				05D4F9D81BEB8C1E001B68CA /* PyramidOfDoomVC.swift in Sources */,
				05F342791BEDBD1000B75C84 /* ScoreScreen.swift in Sources */,
				058113D81BEA859200C0572A /* Choice.swift in Sources */,
				05C5FEFC1BED2B3A00078954 /* PDTimer.swift in Sources */,
				05C5FF011BED7D0100078954 /* ChoicePresets.swift in Sources */,
				05F342801BEE5B6E00B75C84 /* CallVC.swift in Sources */,
				05D4F9DF1BEB9B57001B68CA /* EventArt.swift in Sources */,
				058113B51BEA60EE00C0572A /* AboutVC.swift in Sources */,
				05F3427E1BEE5A8800B75C84 /* TabBar.swift in Sources */,
			);
			runOnlyForDeploymentPostprocessing = 0;
		};
		058113C11BEA60EE00C0572A /* Sources */ = {
			isa = PBXSourcesBuildPhase;
			buildActionMask = 2147483647;
			files = (
				058113CA1BEA60EE00C0572A /* CVUITests.swift in Sources */,
			);
			runOnlyForDeploymentPostprocessing = 0;
		};
/* End PBXSourcesBuildPhase section */

/* Begin PBXTargetDependency section */
		058113C71BEA60EE00C0572A /* PBXTargetDependency */ = {
			isa = PBXTargetDependency;
			target = 058113AE1BEA60EE00C0572A /* CV */;
			targetProxy = 058113C61BEA60EE00C0572A /* PBXContainerItemProxy */;
		};
/* End PBXTargetDependency section */

/* Begin PBXVariantGroup section */
		058113B81BEA60EE00C0572A /* Main.storyboard */ = {
			isa = PBXVariantGroup;
			children = (
				058113B91BEA60EE00C0572A /* Base */,
			);
			name = Main.storyboard;
			sourceTree = "<group>";
		};
		058113BD1BEA60EE00C0572A /* LaunchScreen.storyboard */ = {
			isa = PBXVariantGroup;
			children = (
				058113BE1BEA60EE00C0572A /* Base */,
			);
			name = LaunchScreen.storyboard;
			sourceTree = "<group>";
		};
/* End PBXVariantGroup section */

/* Begin XCBuildConfiguration section */
		058113CC1BEA60EE00C0572A /* Debug */ = {
			isa = XCBuildConfiguration;
			buildSettings = {
				ALWAYS_SEARCH_USER_PATHS = NO;
				CLANG_CXX_LANGUAGE_STANDARD = "gnu++0x";
				CLANG_CXX_LIBRARY = "libc++";
				CLANG_ENABLE_MODULES = YES;
				CLANG_ENABLE_OBJC_ARC = YES;
				CLANG_WARN_BOOL_CONVERSION = YES;
				CLANG_WARN_CONSTANT_CONVERSION = YES;
				CLANG_WARN_DIRECT_OBJC_ISA_USAGE = YES_ERROR;
				CLANG_WARN_EMPTY_BODY = YES;
				CLANG_WARN_ENUM_CONVERSION = YES;
				CLANG_WARN_INT_CONVERSION = YES;
				CLANG_WARN_OBJC_ROOT_CLASS = YES_ERROR;
				CLANG_WARN_UNREACHABLE_CODE = YES;
				CLANG_WARN__DUPLICATE_METHOD_MATCH = YES;
				"CODE_SIGN_IDENTITY[sdk=iphoneos*]" = "iPhone Developer";
				COPY_PHASE_STRIP = NO;
				DEBUG_INFORMATION_FORMAT = dwarf;
				ENABLE_STRICT_OBJC_MSGSEND = YES;
				ENABLE_TESTABILITY = YES;
				GCC_C_LANGUAGE_STANDARD = gnu99;
				GCC_DYNAMIC_NO_PIC = NO;
				GCC_NO_COMMON_BLOCKS = YES;
				GCC_OPTIMIZATION_LEVEL = 0;
				GCC_PREPROCESSOR_DEFINITIONS = (
					"DEBUG=1",
					"$(inherited)",
				);
				GCC_WARN_64_TO_32_BIT_CONVERSION = YES;
				GCC_WARN_ABOUT_RETURN_TYPE = YES_ERROR;
				GCC_WARN_UNDECLARED_SELECTOR = YES;
				GCC_WARN_UNINITIALIZED_AUTOS = YES_AGGRESSIVE;
				GCC_WARN_UNUSED_FUNCTION = YES;
				GCC_WARN_UNUSED_VARIABLE = YES;
				IPHONEOS_DEPLOYMENT_TARGET = 9.1;
				MTL_ENABLE_DEBUG_INFO = YES;
				ONLY_ACTIVE_ARCH = YES;
				SDKROOT = iphoneos;
				SWIFT_OPTIMIZATION_LEVEL = "-Onone";
			};
			name = Debug;
		};
		058113CD1BEA60EE00C0572A /* Release */ = {
			isa = XCBuildConfiguration;
			buildSettings = {
				ALWAYS_SEARCH_USER_PATHS = NO;
				CLANG_CXX_LANGUAGE_STANDARD = "gnu++0x";
				CLANG_CXX_LIBRARY = "libc++";
				CLANG_ENABLE_MODULES = YES;
				CLANG_ENABLE_OBJC_ARC = YES;
				CLANG_WARN_BOOL_CONVERSION = YES;
				CLANG_WARN_CONSTANT_CONVERSION = YES;
				CLANG_WARN_DIRECT_OBJC_ISA_USAGE = YES_ERROR;
				CLANG_WARN_EMPTY_BODY = YES;
				CLANG_WARN_ENUM_CONVERSION = YES;
				CLANG_WARN_INT_CONVERSION = YES;
				CLANG_WARN_OBJC_ROOT_CLASS = YES_ERROR;
				CLANG_WARN_UNREACHABLE_CODE = YES;
				CLANG_WARN__DUPLICATE_METHOD_MATCH = YES;
				"CODE_SIGN_IDENTITY[sdk=iphoneos*]" = "iPhone Developer";
				COPY_PHASE_STRIP = NO;
				DEBUG_INFORMATION_FORMAT = "dwarf-with-dsym";
				ENABLE_NS_ASSERTIONS = NO;
				ENABLE_STRICT_OBJC_MSGSEND = YES;
				GCC_C_LANGUAGE_STANDARD = gnu99;
				GCC_NO_COMMON_BLOCKS = YES;
				GCC_WARN_64_TO_32_BIT_CONVERSION = YES;
				GCC_WARN_ABOUT_RETURN_TYPE = YES_ERROR;
				GCC_WARN_UNDECLARED_SELECTOR = YES;
				GCC_WARN_UNINITIALIZED_AUTOS = YES_AGGRESSIVE;
				GCC_WARN_UNUSED_FUNCTION = YES;
				GCC_WARN_UNUSED_VARIABLE = YES;
				IPHONEOS_DEPLOYMENT_TARGET = 9.1;
				MTL_ENABLE_DEBUG_INFO = NO;
				SDKROOT = iphoneos;
				VALIDATE_PRODUCT = YES;
			};
			name = Release;
		};
		058113CF1BEA60EE00C0572A /* Debug */ = {
			isa = XCBuildConfiguration;
			buildSettings = {
				ASSETCATALOG_COMPILER_APPICON_NAME = AppIcon;
				INFOPLIST_FILE = CV/Info.plist;
				LD_RUNPATH_SEARCH_PATHS = "$(inherited) @executable_path/Frameworks";
				PRODUCT_BUNDLE_IDENTIFIER = "menke-dev.CV";
				PRODUCT_NAME = "$(TARGET_NAME)";
			};
			name = Debug;
		};
		058113D01BEA60EE00C0572A /* Release */ = {
			isa = XCBuildConfiguration;
			buildSettings = {
				ASSETCATALOG_COMPILER_APPICON_NAME = AppIcon;
				INFOPLIST_FILE = CV/Info.plist;
				LD_RUNPATH_SEARCH_PATHS = "$(inherited) @executable_path/Frameworks";
				PRODUCT_BUNDLE_IDENTIFIER = "menke-dev.CV";
				PRODUCT_NAME = "$(TARGET_NAME)";
			};
			name = Release;
		};
		058113D21BEA60EE00C0572A /* Debug */ = {
			isa = XCBuildConfiguration;
			buildSettings = {
				INFOPLIST_FILE = CVUITests/Info.plist;
				LD_RUNPATH_SEARCH_PATHS = "$(inherited) @executable_path/Frameworks @loader_path/Frameworks";
				PRODUCT_BUNDLE_IDENTIFIER = "menke-dev.CVUITests";
				PRODUCT_NAME = "$(TARGET_NAME)";
				TEST_TARGET_NAME = CV;
				USES_XCTRUNNER = YES;
			};
			name = Debug;
		};
		058113D31BEA60EE00C0572A /* Release */ = {
			isa = XCBuildConfiguration;
			buildSettings = {
				INFOPLIST_FILE = CVUITests/Info.plist;
				LD_RUNPATH_SEARCH_PATHS = "$(inherited) @executable_path/Frameworks @loader_path/Frameworks";
				PRODUCT_BUNDLE_IDENTIFIER = "menke-dev.CVUITests";
				PRODUCT_NAME = "$(TARGET_NAME)";
				TEST_TARGET_NAME = CV;
				USES_XCTRUNNER = YES;
			};
			name = Release;
		};
/* End XCBuildConfiguration section */

/* Begin XCConfigurationList section */
		058113AA1BEA60EE00C0572A /* Build configuration list for PBXProject "CV" */ = {
			isa = XCConfigurationList;
			buildConfigurations = (
				058113CC1BEA60EE00C0572A /* Debug */,
				058113CD1BEA60EE00C0572A /* Release */,
			);
			defaultConfigurationIsVisible = 0;
			defaultConfigurationName = Release;
		};
		058113CE1BEA60EE00C0572A /* Build configuration list for PBXNativeTarget "CV" */ = {
			isa = XCConfigurationList;
			buildConfigurations = (
				058113CF1BEA60EE00C0572A /* Debug */,
				058113D01BEA60EE00C0572A /* Release */,
			);
			defaultConfigurationIsVisible = 0;
			defaultConfigurationName = Release;
		};
		058113D11BEA60EE00C0572A /* Build configuration list for PBXNativeTarget "CVUITests" */ = {
			isa = XCConfigurationList;
			buildConfigurations = (
				058113D21BEA60EE00C0572A /* Debug */,
				058113D31BEA60EE00C0572A /* Release */,
			);
			defaultConfigurationIsVisible = 0;
			defaultConfigurationName = Release;
		};
/* End XCConfigurationList section */
	};
	rootObject = 058113A71BEA60EE00C0572A /* Project object */;
}
